version = 1
revision = 3
requires-python = ">=3.14"
resolution-markers = [
    "python_full_version >= '3.15'",
    "python_full_version < '3.15'",
]

[[package]]
name = "attrs"
version = "26.1.0"
source = { registry = "https://pypi.org/simple" }
sdist = { url = "https://files.pythonhosted.org/packages/9a/8e/82a0fe20a541c03148528be8cac2408564a6c9a0cc7e9171802bc1d26985/attrs-26.1.0.tar.gz", hash = "sha256:d03ceb89cb322a8fd706d4fb91940737b6642aa36998fe130a9bc96c985eff32", size = 952055, upload-time = "2026-03-19T14:22:25.026Z" }
wheels = [
    { url = "https://files.pythonhosted.org/packages/64/b4/17d4b0b2a2dc85a6df63d1157e028ed19f90d4cd97c36717afef2bc2f395/attrs-26.1.0-py3-none-any.whl", hash = "sha256:c647aa4a12dfbad9333ca4e71fe62ddc36f4e63b2d260a37a8b83d2f043ac309", size = 67548, upload-time = "2026-03-19T14:22:23.645Z" },
]

[[package]]
name = "black"
version = "26.3.1"
source = { registry = "https://pypi.org/simple" }
dependencies = [
    { name = "click" },
    { name = "mypy-extensions" },
    { name = "packaging" },
    { name = "pathspec" },
    { name = "platformdirs" },
    { name = "pytokens" },
]
sdist = { url = "https://files.pythonhosted.org/packages/e1/c5/61175d618685d42b005847464b8fb4743a67b1b8fdb75e50e5a96c31a27a/black-26.3.1.tar.gz", hash = "sha256:2c50f5063a9641c7eed7795014ba37b0f5fa227f3d408b968936e24bc0566b07", size = 666155, upload-time = "2026-03-12T03:36:03.593Z" }
wheels = [
    { url = "https://files.pythonhosted.org/packages/d5/da/e36e27c9cebc1311b7579210df6f1c86e50f2d7143ae4fcf8a5017dc8809/black-26.3.1-cp314-cp314-macosx_10_15_x86_64.whl", hash = "sha256:2d6bfaf7fd0993b420bed691f20f9492d53ce9a2bcccea4b797d34e947318a78", size = 1889234, upload-time = "2026-03-12T03:40:30.964Z" },
    { url = "https://files.pythonhosted.org/packages/0e/7b/9871acf393f64a5fa33668c19350ca87177b181f44bb3d0c33b2d534f22c/black-26.3.1-cp314-cp314-macosx_11_0_arm64.whl", hash = "sha256:f89f2ab047c76a9c03f78d0d66ca519e389519902fa27e7a91117ef7611c0568", size = 1720522, upload-time = "2026-03-12T03:40:32.346Z" },
    { url = "https://files.pythonhosted.org/packages/03/87/e766c7f2e90c07fb7586cc787c9ae6462b1eedab390191f2b7fc7f6170a9/black-26.3.1-cp314-cp314-manylinux2014_x86_64.manylinux_2_17_x86_64.manylinux_2_28_x86_64.whl", hash = "sha256:b07fc0dab849d24a80a29cfab8d8a19187d1c4685d8a5e6385a5ce323c1f015f", size = 1787824, upload-time = "2026-03-12T03:40:33.636Z" },
    { url = "https://files.pythonhosted.org/packages/ac/94/2424338fb2d1875e9e83eed4c8e9c67f6905ec25afd826a911aea2b02535/black-26.3.1-cp314-cp314-win_amd64.whl", hash = "sha256:0126ae5b7c09957da2bdbd91a9ba1207453feada9e9fe51992848658c6c8e01c", size = 1445855, upload-time = "2026-03-12T03:40:35.442Z" },
    { url = "https://files.pythonhosted.org/packages/86/43/0c3338bd928afb8ee7471f1a4eec3bdbe2245ccb4a646092a222e8669840/black-26.3.1-cp314-cp314-win_arm64.whl", hash = "sha256:92c0ec1f2cc149551a2b7b47efc32c866406b6891b0ee4625e95967c8f4acfb1", size = 1258109, upload-time = "2026-03-12T03:40:36.832Z" },
    { url = "https://files.pythonhosted.org/packages/8e/0d/52d98722666d6fc6c3dd4c76df339501d6efd40e0ff95e6186a7b7f0befd/black-26.3.1-py3-none-any.whl", hash = "sha256:2bd5aa94fc267d38bb21a70d7410a89f1a1d318841855f698746f8e7f51acd1b", size = 207542, upload-time = "2026-03-12T03:36:01.668Z" },
]

[[package]]
name = "click"
version = "8.3.3"
source = { registry = "https://pypi.org/simple" }
dependencies = [
    { name = "colorama", marker = "sys_platform == 'win32'" },
]
sdist = { url = "https://files.pythonhosted.org/packages/bb/63/f9e1ea081ce35720d8b92acde70daaedace594dc93b693c869e0d5910718/click-8.3.3.tar.gz", hash = "sha256:398329ad4837b2ff7cbe1dd166a4c0f8900c3ca3a218de04466f38f6497f18a2", size = 328061, upload-time = "2026-04-22T15:11:27.506Z" }
wheels = [
    { url = "https://files.pythonhosted.org/packages/ae/44/c1221527f6a71a01ec6fbad7fa78f1d50dfa02217385cf0fa3eec7087d59/click-8.3.3-py3-none-any.whl", hash = "sha256:a2bf429bb3033c89fa4936ffb35d5cb471e3719e1f3c8a7c3fff0b8314305613", size = 110502, upload-time = "2026-04-22T15:11:25.044Z" },
]

[[package]]
name = "colorama"
version = "0.4.6"
source = { registry = "https://pypi.org/simple" }
sdist = { url = "https://files.pythonhosted.org/packages/d8/53/6f443c9a4a8358a93a6792e2acffb9d9d5cb0a5cfd8802644b7b1c9a02e4/colorama-0.4.6.tar.gz", hash = "sha256:08695f5cb7ed6e0531a20572697297273c47b8cae5a63ffc6d6ed5c201be6e44", size = 27697, upload-time = "2022-10-25T02:36:22.414Z" }
wheels = [
    { url = "https://files.pythonhosted.org/packages/d1/d6/3965ed04c63042e047cb6a3e6ed1a63a35087b6a609aa3a15ed8ac56c221/colorama-0.4.6-py2.py3-none-any.whl", hash = "sha256:4f1d9991f5acc0ca119f9d443620b77f9d6b33703e51011c16baf57afb285fc6", size = 25335, upload-time = "2022-10-25T02:36:20.889Z" },
]

[[package]]
name = "flake8"
version = "7.3.0"
source = { registry = "https://pypi.org/simple" }
dependencies = [
    { name = "mccabe" },
    { name = "pycodestyle" },
    { name = "pyflakes" },
]
sdist = { url = "https://files.pythonhosted.org/packages/9b/af/fbfe3c4b5a657d79e5c47a2827a362f9e1b763336a52f926126aa6dc7123/flake8-7.3.0.tar.gz", hash = "sha256:fe044858146b9fc69b551a4b490d69cf960fcb78ad1edcb84e7fbb1b4a8e3872", size = 48326, upload-time = "2025-06-20T19:31:35.838Z" }
wheels = [
    { url = "https://files.pythonhosted.org/packages/9f/56/13ab06b4f93ca7cac71078fbe37fcea175d3216f31f85c3168a6bbd0bb9a/flake8-7.3.0-py2.py3-none-any.whl", hash = "sha256:b9696257b9ce8beb888cdbe31cf885c90d31928fe202be0889a7cdafad32f01e", size = 57922, upload-time = "2025-06-20T19:31:34.425Z" },
]

[[package]]
name = "flake8-bugbear"
version = "25.11.29"
source = { registry = "https://pypi.org/simple" }
dependencies = [
    { name = "attrs" },
    { name = "flake8" },
]
sdist = { url = "https://files.pythonhosted.org/packages/ec/20/2a996e2fca7810bd1b031901d65fc4292630895afcb946ebd00568bdc669/flake8_bugbear-25.11.29.tar.gz", hash = "sha256:b5d06710f3d26e595541ad303ad4d5cb52578bd4bccbb2c2c0b2c72e243dafc8", size = 84896, upload-time = "2025-11-29T20:51:57.75Z" }
wheels = [
    { url = "https://files.pythonhosted.org/packages/0d/42/c18f199780d99a6f6a64c4a36f4ad28a445d9e11968a6025b21d0c8b6802/flake8_bugbear-25.11.29-py3-none-any.whl", hash = "sha256:9bf15e2970e736d2340da4c0a70493db964061c9c38f708cfe1f7b2d87392298", size = 37861, upload-time = "2025-11-29T20:51:56.439Z" },
]

[[package]]
name = "flake8-pyproject"
version = "1.2.4"
source = { registry = "https://pypi.org/simple" }
dependencies = [
    { name = "flake8" },
]
wheels = [
    { url = "https://files.pythonhosted.org/packages/85/6a/cdee9ff7f2b7c6ddc219fd95b7c70c0a3d9f0367a506e9793eedfc72e337/flake8_pyproject-1.2.4-py3-none-any.whl", hash = "sha256:ea34c057f9a9329c76d98723bb2bb498cc6ba8ff9872c4d19932d48c91249a77", size = 5694, upload-time = "2025-11-28T21:40:01.309Z" },
]

[[package]]
name = "isort"
version = "8.0.1"
source = { registry = "https://pypi.org/simple" }
sdist = { url = "https://files.pythonhosted.org/packages/ef/7c/ec4ab396d31b3b395e2e999c8f46dec78c5e29209fac49d1f4dace04041d/isort-8.0.1.tar.gz", hash = "sha256:171ac4ff559cdc060bcfff550bc8404a486fee0caab245679c2abe7cb253c78d", size = 769592, upload-time = "2026-02-28T10:08:20.685Z" }
wheels = [
    { url = "https://files.pythonhosted.org/packages/3e/95/c7c34aa53c16353c56d0b802fba48d5f5caa2cdee7958acbcb795c830416/isort-8.0.1-py3-none-any.whl", hash = "sha256:28b89bc70f751b559aeca209e6120393d43fbe2490de0559662be7a9787e3d75", size = 89733, upload-time = "2026-02-28T10:08:19.466Z" },
]

[[package]]
name = "leetcode"
version = "0.1.0"
source = { virtual = "." }

[package.dev-dependencies]
build = [
    { name = "uv" },
]
dev = [
    { name = "black" },
    { name = "flake8" },
    { name = "flake8-bugbear" },
    { name = "flake8-pyproject" },
    { name = "isort" },
    { name = "mypy" },
    { name = "pep8-naming" },
    { name = "prek" },
]

[package.metadata]

[package.metadata.requires-dev]
build = [{ name = "uv", specifier = "==0.11.11" }]
dev = [
    { name = "black", specifier = "==26.3.1" },
    { name = "flake8", specifier = "==7.3.0" },
    { name = "flake8-bugbear", specifier = "==25.11.29" },
    { name = "flake8-pyproject", specifier = "==1.2.4" },
    { name = "isort", specifier = "==8.0.1" },
    { name = "mypy", specifier = "==1.20.2" },
    { name = "pep8-naming", specifier = "==0.15.1" },
    { name = "prek", specifier = "==0.3.13" },
]

[[package]]
name = "librt"
version = "0.10.0"
source = { registry = "https://pypi.org/simple" }
sdist = { url = "https://files.pythonhosted.org/packages/39/cb/c1945e506893b5b8577fb45a60c80e3ffe4a82092a04a6f29b0b951d9a24/librt-0.10.0.tar.gz", hash = "sha256:1aba1e8aa4e3307a7be68a74149545fde7451964dc0235a8bec5704a17bdda42", size = 191799, upload-time = "2026-05-05T16:31:23.535Z" }
wheels = [
    { url = "https://files.pythonhosted.org/packages/6a/64/7165e08108cc185a13a9c069f0685e6ef92e70e07fddf7edf5e7348c6316/librt-0.10.0-cp314-cp314-macosx_10_13_x86_64.whl", hash = "sha256:f09588a30e6a22ec624090d72a3ab1a6d4d5485c3ed739603e76aa3c16efa688", size = 76794, upload-time = "2026-05-05T16:30:20.392Z" },
    { url = "https://files.pythonhosted.org/packages/ae/ef/bf8613febf651b90c5222ee79dea5ae58d4cc2b544df69d3033424448934/librt-0.10.0-cp314-cp314-macosx_11_0_arm64.whl", hash = "sha256:131ade118d12bd7a0adc4e655474a553f1b76cf78385868885944d21d51e45e0", size = 79662, upload-time = "2026-05-05T16:30:22.025Z" },
    { url = "https://files.pythonhosted.org/packages/b6/67/9eddd165c1d8397bdf99b38bf12b5a55b3def5035b49eedb49f2775d1430/librt-0.10.0-cp314-cp314-manylinux2014_aarch64.manylinux_2_17_aarch64.manylinux_2_28_aarch64.whl", hash = "sha256:b8b9ab28e40d011c373a189eae900c916e66d6fbecf7983e9e4883089ee085ef", size = 242390, upload-time = "2026-05-05T16:30:23.51Z" },
    { url = "https://files.pythonhosted.org/packages/10/d1/d95da80334501866cd37004ab5d7483220d05862fab4b5405394f0264f0d/librt-0.10.0-cp314-cp314-manylinux2014_i686.manylinux_2_17_i686.manylinux_2_28_i686.whl", hash = "sha256:67c39bb30da73bae1f293d1ed8bc2f8f6642649dd0928d3600aeff3041ac23d6", size = 232603, upload-time = "2026-05-05T16:30:25.198Z" },
    { url = "https://files.pythonhosted.org/packages/0c/fa/e6d64d28718bc1be4e1736fcb037ca1c4dfca927e7167df75a7d5215665e/librt-0.10.0-cp314-cp314-manylinux2014_x86_64.manylinux_2_17_x86_64.manylinux_2_28_x86_64.whl", hash = "sha256:8c3273c6b774614f093c8927c2bf1b077d0fefde988fe98f46a333734e5597ab", size = 259187, upload-time = "2026-05-05T16:30:26.772Z" },
    { url = "https://files.pythonhosted.org/packages/72/3f/3fdb77e7f937dad59cfd76b720be7e7643400ec76b2da35befab8d66ba30/librt-0.10.0-cp314-cp314-manylinux_2_31_riscv64.manylinux_2_39_riscv64.whl", hash = "sha256:9dd7c1b86a4baa583ab5db977484b93a2c474e69e96ef3e9538387ea54229cb9", size = 251846, upload-time = "2026-05-05T16:30:28.56Z" },
    { url = "https://files.pythonhosted.org/packages/18/ca/f4d49133dd86a6f55d79eca30bf412fa722f511a9abe67f62f57aa64e66a/librt-0.10.0-cp314-cp314-musllinux_1_2_aarch64.whl", hash = "sha256:a77385c5a202e831149f7ad03be9e67cf80e957e52c614e83dcb822c95222eb8", size = 264936, upload-time = "2026-05-05T16:30:30.491Z" },
    { url = "https://files.pythonhosted.org/packages/de/66/a8df2fbadc1f6c1827a096d11c40175bd526133480bd3bc88ec64a03d257/librt-0.10.0-cp314-cp314-musllinux_1_2_i686.whl", hash = "sha256:c6a5eafa74b5655bad59886138ed68426f098a6beb8cb95a71f2cc3cd8bb33fe", size = 258699, upload-time = "2026-05-05T16:30:32.002Z" },
    { url = "https://files.pythonhosted.org/packages/bb/73/1e3c83613fe05451bb969e27b68a573d177f08d5f63533cc29fec0989658/librt-0.10.0-cp314-cp314-musllinux_1_2_riscv64.whl", hash = "sha256:1fc93d0439204c50ab4d1512611ce2c206f1b369b419f69c7c27c761561e3291", size = 259825, upload-time = "2026-05-05T16:30:35.077Z" },
    { url = "https://files.pythonhosted.org/packages/09/24/5e2f926ee9d3ef348d9339526d7062abb5c44d8419e3179528c01d78c102/librt-0.10.0-cp314-cp314-musllinux_1_2_x86_64.whl", hash = "sha256:79e713c178bc7a744adfbee6b4619a288eecc0c914da2a9313a20255abe2f0cf", size = 282548, upload-time = "2026-05-05T16:30:36.639Z" },
    { url = "https://files.pythonhosted.org/packages/fc/7d/3e89ed6ad0162561fa8bef9df3195e24263104c955713cd0237d3711fad2/librt-0.10.0-cp314-cp314-win32.whl", hash = "sha256:2eba9d955a68c41d9f326be3da42f163ec3518b7ab20f1c826224e7bed71e0bf", size = 58970, upload-time = "2026-05-05T16:30:38.183Z" },
    { url = "https://files.pythonhosted.org/packages/76/25/579e731c94a7086a268bfa3e7a4945cd47836bebd3cbf3faeafd2e7eaef9/librt-0.10.0-cp314-cp314-win_amd64.whl", hash = "sha256:cbfaf7f5145e9917f5d18bffa298eff6a19d74e7b8b11dabdca95785befe8dbf", size = 67260, upload-time = "2026-05-05T16:30:39.804Z" },
    { url = "https://files.pythonhosted.org/packages/6e/f8/235822b7ae0b2334f12ee18bcf2476d07924077a5efeea57dbe927704be2/librt-0.10.0-cp314-cp314-win_arm64.whl", hash = "sha256:8d6d385d1969849a6b1397114df22714b6ded917bada98668e3e974dc663477e", size = 57156, upload-time = "2026-05-05T16:30:41.412Z" },
    { url = "https://files.pythonhosted.org/packages/9f/e3/9b919cbf1e8eb770bf91bb7df28125e0f1daf4587169afefd95402636e9a/librt-0.10.0-cp314-cp314t-macosx_10_13_x86_64.whl", hash = "sha256:6c3a82d3bd32631ef5c79922dfc028520c9ad840255979ab4d908271818039ee", size = 79150, upload-time = "2026-05-05T16:30:42.761Z" },
    { url = "https://files.pythonhosted.org/packages/6a/f5/72a944aa3bc3498169a168087eff58ca48b58bf1b704e59d091fd30739f3/librt-0.10.0-cp314-cp314t-macosx_11_0_arm64.whl", hash = "sha256:d64cc66005dc324c9bb1fa3fc2841f529002f6eb15966d55e46d430f56955a6a", size = 82304, upload-time = "2026-05-05T16:30:44.082Z" },
    { url = "https://files.pythonhosted.org/packages/9c/e3/fcc290a33e295019759472dfa794d204e43504b276ac65eab7fd9da20ea3/librt-0.10.0-cp314-cp314t-manylinux2014_aarch64.manylinux_2_17_aarch64.manylinux_2_28_aarch64.whl", hash = "sha256:9bb562cd28c88cd2c6a9a6c78f99dc39348d6b16c94adc25de0e574acf1176e9", size = 272556, upload-time = "2026-05-05T16:30:45.497Z" },
    { url = "https://files.pythonhosted.org/packages/fd/54/546975e4c997573885e7f040a05012f8838e06fb12b0c3c1fbb76254e9d7/librt-0.10.0-cp314-cp314t-manylinux2014_i686.manylinux_2_17_i686.manylinux_2_28_i686.whl", hash = "sha256:b809aa2854d019c28773b03605df22adc675ee4f3f4402d673581313e8906119", size = 256941, upload-time = "2026-05-05T16:30:47.059Z" },
    { url = "https://files.pythonhosted.org/packages/70/8c/f1d03401571b331653acddbd4e8cd955c06d945241dd08b25192fac0d04b/librt-0.10.0-cp314-cp314t-manylinux2014_x86_64.manylinux_2_17_x86_64.manylinux_2_28_x86_64.whl", hash = "sha256:cc15acabdd519bd4176fdadc2119e5e3093485d86f89138daf47e5b4cedb983a", size = 285855, upload-time = "2026-05-05T16:30:48.86Z" },
    { url = "https://files.pythonhosted.org/packages/0c/08/62cf80ff046c339faf56718b3a940244d4beb70f1c6407289b5830ec11e9/librt-0.10.0-cp314-cp314t-manylinux_2_31_riscv64.manylinux_2_39_riscv64.whl", hash = "sha256:b1b2d835307d08ddadd94568e2369648ec9173bd3eea6d7f52a1abe717c81f98", size = 275321, upload-time = "2026-05-05T16:30:50.63Z" },
    { url = "https://files.pythonhosted.org/packages/d9/ea/da5918d4070362e9a4d2ee9cd34f9dc84902daad8fd4275f8504a727ff4e/librt-0.10.0-cp314-cp314t-musllinux_1_2_aarch64.whl", hash = "sha256:d261c6a2f93335a5167887fb0223e8b98ffce20ee3fde242e8e58a37ece6d0e5", size = 293993, upload-time = "2026-05-05T16:30:52.577Z" },
    { url = "https://files.pythonhosted.org/packages/c9/8d/68b6086bed1fcdc314c640ea04e31e52d18052e08059fa595409d66a51a9/librt-0.10.0-cp314-cp314t-musllinux_1_2_i686.whl", hash = "sha256:e2ffd44963f8e7f68995504d90f9881d64e94dc1d8e310039b9526108fc0c0f7", size = 284254, upload-time = "2026-05-05T16:30:55.086Z" },
    { url = "https://files.pythonhosted.org/packages/06/c8/b810f1d84ec34a5a7ed93d7b510ab04164d75fbdf23088d5c3fbe6b08357/librt-0.10.0-cp314-cp314t-musllinux_1_2_riscv64.whl", hash = "sha256:5f285f6455ed495791c4d8630e5af732960adea93cac4c893d15619f2eae53e8", size = 284925, upload-time = "2026-05-05T16:30:56.728Z" },
    { url = "https://files.pythonhosted.org/packages/5a/00/3c82d4158c5a2c62528b8fccce65a8c9ad700e480e86f9389387435089a5/librt-0.10.0-cp314-cp314t-musllinux_1_2_x86_64.whl", hash = "sha256:f6034ff52e663d34c7b82ef2aa2f94ad7c1d939e2368e63b06844bc4d127d2e1", size = 307830, upload-time = "2026-05-05T16:30:58.377Z" },
    { url = "https://files.pythonhosted.org/packages/99/3a/9c635ac3e8a00383ff689161d3eac8a30b3b2ddc711b40471e6b8983ea29/librt-0.10.0-cp314-cp314t-win32.whl", hash = "sha256:657860fd877fba6a241ea088ef99f63ca819945d3c715265da670bad56c37ebe", size = 60147, upload-time = "2026-05-05T16:31:00.293Z" },
    { url = "https://files.pythonhosted.org/packages/dc/e8/6f65f3e565d4ac212cddddd552eacc8035ffdf941ca0ad6fe945a211d41f/librt-0.10.0-cp314-cp314t-win_amd64.whl", hash = "sha256:56ded2d66010203a0cb5af063b609e3f079531a0e5e576d618dece859fd2e1af", size = 68649, upload-time = "2026-05-05T16:31:01.778Z" },
    { url = "https://files.pythonhosted.org/packages/51/78/a0705a67cacd81e5fa01a5035b3adbdfbb43a7b8d4bd27e2b282ae61baf2/librt-0.10.0-cp314-cp314t-win_arm64.whl", hash = "sha256:1ee63f30abf18ed4830fdbaf87b2b6f4bba1e198d46085c314edde4045e56715", size = 58247, upload-time = "2026-05-05T16:31:03.191Z" },
]

[[package]]
name = "mccabe"
version = "0.7.0"
source = { registry = "https://pypi.org/simple" }
sdist = { url = "https://files.pythonhosted.org/packages/e7/ff/0ffefdcac38932a54d2b5eed4e0ba8a408f215002cd178ad1df0f2806ff8/mccabe-0.7.0.tar.gz", hash = "sha256:348e0240c33b60bbdf4e523192ef919f28cb2c3d7d5c7794f74009290f236325", size = 9658, upload-time = "2022-01-24T01:14:51.113Z" }
wheels = [
    { url = "https://files.pythonhosted.org/packages/27/1a/1f68f9ba0c207934b35b86a8ca3aad8395a3d6dd7921c0686e23853ff5a9/mccabe-0.7.0-py2.py3-none-any.whl", hash = "sha256:6c2d30ab6be0e4a46919781807b4f0d834ebdd6c6e3dca0bda5a15f863427b6e", size = 7350, upload-time = "2022-01-24T01:14:49.62Z" },
]

[[package]]
name = "mypy"
version = "1.20.2"
source = { registry = "https://pypi.org/simple" }
dependencies = [
    { name = "librt", marker = "platform_python_implementation != 'PyPy'" },
    { name = "mypy-extensions" },
    { name = "pathspec" },
    { name = "typing-extensions" },
]
sdist = { url = "https://files.pythonhosted.org/packages/04/af/e3d4b3e9ec91a0ff9aabfdb38692952acf49bbb899c2e4c29acb3a6da3ae/mypy-1.20.2.tar.gz", hash = "sha256:e8222c26daaafd9e8626dec58ae36029f82585890589576f769a650dd20fd665", size = 3817349, upload-time = "2026-04-21T17:12:28.473Z" }
wheels = [
    { url = "https://files.pythonhosted.org/packages/ae/d1/b4ec96b0ecc620a4443570c6e95c867903428cfcde4206518eafdd5880c3/mypy-1.20.2-cp314-cp314-macosx_10_15_x86_64.whl", hash = "sha256:419413398fe250aae057fd2fe50166b61077083c9b82754c341cf4fd73038f30", size = 14524561, upload-time = "2026-04-21T17:06:27.325Z" },
    { url = "https://files.pythonhosted.org/packages/3a/63/d2c2ff4fa66bc49477d32dfa26e8a167ba803ea6a69c5efb416036909d30/mypy-1.20.2-cp314-cp314-macosx_11_0_arm64.whl", hash = "sha256:e73c07f23009962885c197ccb9b41356a30cc0e5a1d0c2ea8fd8fb1362d7f924", size = 13363883, upload-time = "2026-04-21T17:11:11.239Z" },
    { url = "https://files.pythonhosted.org/packages/2a/56/983916806bf4eddeaaa2c9230903c3669c6718552a921154e1c5182c701f/mypy-1.20.2-cp314-cp314-manylinux2014_aarch64.manylinux_2_17_aarch64.manylinux_2_28_aarch64.whl", hash = "sha256:0c64e5973df366b747646fc98da921f9d6eba9716d57d1db94a83c026a08e0fb", size = 13742945, upload-time = "2026-04-21T17:08:34.181Z" },
    { url = "https://files.pythonhosted.org/packages/19/65/0cd9285ab010ee8214c83d67c6b49417c40d86ce46f1aa109457b5a9b8d7/mypy-1.20.2-cp314-cp314-manylinux2014_x86_64.manylinux_2_17_x86_64.manylinux_2_28_x86_64.whl", hash = "sha256:5a65aa591af023864fd08a97da9974e919452cfe19cb146c8a5dc692626445dc", size = 14706163, upload-time = "2026-04-21T17:05:15.51Z" },
    { url = "https://files.pythonhosted.org/packages/94/97/48ff3b297cafcc94d185243a9190836fb1b01c1b0918fff64e941e973cc9/mypy-1.20.2-cp314-cp314-musllinux_1_2_x86_64.whl", hash = "sha256:4fef51b01e638974a6e69885687e9bd40c8d1e09a6cd291cca0619625cf1f558", size = 14938677, upload-time = "2026-04-21T17:05:39.562Z" },
    { url = "https://files.pythonhosted.org/packages/fd/a1/1b4233d255bdd0b38a1f284feeb1c143ca508c19184964e22f8d837ec851/mypy-1.20.2-cp314-cp314-win_amd64.whl", hash = "sha256:913485a03f1bcf5d279409a9d2b9ed565c151f61c09f29991e5faa14033da4c8", size = 11089322, upload-time = "2026-04-21T17:06:44.29Z" },
    { url = "https://files.pythonhosted.org/packages/78/c2/ce7ee2ba36aeb954ba50f18fa25d9c1188578654b97d02a66a15b6f09531/mypy-1.20.2-cp314-cp314-win_arm64.whl", hash = "sha256:c3bae4f855d965b5453784300c12ffc63a548304ac7f99e55d4dc7c898673aa3", size = 10017775, upload-time = "2026-04-21T17:07:20.732Z" },
    { url = "https://files.pythonhosted.org/packages/4e/a1/9d93a7d0b5859af0ead82b4888b46df6c8797e1bc5e1e262a08518c6d48e/mypy-1.20.2-cp314-cp314t-macosx_10_15_x86_64.whl", hash = "sha256:2de3dcea53babc1c3237a19002bc3d228ce1833278f093b8d619e06e7cc79609", size = 15549002, upload-time = "2026-04-21T17:08:23.107Z" },
    { url = "https://files.pythonhosted.org/packages/00/d2/09a6a10ee1bf0008f6c144d9676f2ca6a12512151b4e0ad0ff6c4fac5337/mypy-1.20.2-cp314-cp314t-macosx_11_0_arm64.whl", hash = "sha256:52b176444e2e5054dfcbcb8c75b0b719865c96247b37407184bbfca5c353f2c2", size = 14401942, upload-time = "2026-04-21T17:07:31.837Z" },
    { url = "https://files.pythonhosted.org/packages/57/da/9594b75c3c019e805250bed3583bdf4443ff9e6ef08f97e39ae308cb06f2/mypy-1.20.2-cp314-cp314t-manylinux2014_aarch64.manylinux_2_17_aarch64.manylinux_2_28_aarch64.whl", hash = "sha256:688c3312e5dadb573a2c69c82af3a298d43ecf9e6d264e0f95df960b5f6ac19c", size = 15041649, upload-time = "2026-04-21T17:09:34.653Z" },
    { url = "https://files.pythonhosted.org/packages/97/77/f75a65c278e6e8eba2071f7f5a90481891053ecc39878cc444634d892abe/mypy-1.20.2-cp314-cp314t-manylinux2014_x86_64.manylinux_2_17_x86_64.manylinux_2_28_x86_64.whl", hash = "sha256:29752dbbf8cc53f89f6ac096d363314333045c257c9c75cbd189ca2de0455744", size = 15864588, upload-time = "2026-04-21T17:11:44.936Z" },
    { url = "https://files.pythonhosted.org/packages/d7/46/1a4e1c66e96c1a3246ddf5403d122ac9b0a8d2b7e65730b9d6533ba7a6d3/mypy-1.20.2-cp314-cp314t-musllinux_1_2_x86_64.whl", hash = "sha256:803203d2b6ea644982c644895c2f78b28d0e208bba7b27d9b921e0ec5eb207c6", size = 16093956, upload-time = "2026-04-21T17:10:17.683Z" },
    { url = "https://files.pythonhosted.org/packages/5a/2c/78a8851264dec38cd736ca5b8bc9380674df0dd0be7792f538916157716c/mypy-1.20.2-cp314-cp314t-win_amd64.whl", hash = "sha256:9bcb8aa397ff0093c824182fd76a935a9ba7ad097fcbef80ae89bf6c1731d8ec", size = 12568661, upload-time = "2026-04-21T17:11:54.473Z" },
    { url = "https://files.pythonhosted.org/packages/83/01/cd7318aa03493322ce275a0e14f4f52b8896335e4e79d4fb8153a7ad2b77/mypy-1.20.2-cp314-cp314t-win_arm64.whl", hash = "sha256:e061b58443f1736f8a37c48978d7ab581636d6ab03e3d4f99e3fa90463bb9382", size = 10389240, upload-time = "2026-04-21T17:09:42.719Z" },
    { url = "https://files.pythonhosted.org/packages/28/9a/f23c163e25b11074188251b0b5a0342625fc1cdb6af604757174fa9acc9b/mypy-1.20.2-py3-none-any.whl", hash = "sha256:a94c5a76ab46c5e6257c7972b6c8cff0574201ca7dc05647e33e795d78680563", size = 2637314, upload-time = "2026-04-21T17:05:54.5Z" },
]

[[package]]
name = "mypy-extensions"
version = "1.1.0"
source = { registry = "https://pypi.org/simple" }
sdist = { url = "https://files.pythonhosted.org/packages/a2/6e/371856a3fb9d31ca8dac321cda606860fa4548858c0cc45d9d1d4ca2628b/mypy_extensions-1.1.0.tar.gz", hash = "sha256:52e68efc3284861e772bbcd66823fde5ae21fd2fdb51c62a211403730b916558", size = 6343, upload-time = "2025-04-22T14:54:24.164Z" }
wheels = [
    { url = "https://files.pythonhosted.org/packages/79/7b/2c79738432f5c924bef5071f933bcc9efd0473bac3b4aa584a6f7c1c8df8/mypy_extensions-1.1.0-py3-none-any.whl", hash = "sha256:1be4cccdb0f2482337c4743e60421de3a356cd97508abadd57d47403e94f5505", size = 4963, upload-time = "2025-04-22T14:54:22.983Z" },
]

[[package]]
name = "packaging"
version = "26.2"
source = { registry = "https://pypi.org/simple" }
sdist = { url = "https://files.pythonhosted.org/packages/d7/f1/e7a6dd94a8d4a5626c03e4e99c87f241ba9e350cd9e6d75123f992427270/packaging-26.2.tar.gz", hash = "sha256:ff452ff5a3e828ce110190feff1178bb1f2ea2281fa2075aadb987c2fb221661", size = 228134, upload-time = "2026-04-24T20:15:23.917Z" }
wheels = [
    { url = "https://files.pythonhosted.org/packages/df/b2/87e62e8c3e2f4b32e5fe99e0b86d576da1312593b39f47d8ceef365e95ed/packaging-26.2-py3-none-any.whl", hash = "sha256:5fc45236b9446107ff2415ce77c807cee2862cb6fac22b8a73826d0693b0980e", size = 100195, upload-time = "2026-04-24T20:15:22.081Z" },
]

[[package]]
name = "pathspec"
version = "1.1.1"
source = { registry = "https://pypi.org/simple" }
sdist = { url = "https://files.pythonhosted.org/packages/5a/82/42f767fc1c1143d6fd36efb827202a2d997a375e160a71eb2888a925aac1/pathspec-1.1.1.tar.gz", hash = "sha256:17db5ecd524104a120e173814c90367a96a98d07c45b2e10c2f3919fff91bf5a", size = 135180, upload-time = "2026-04-27T01:46:08.907Z" }
wheels = [
    { url = "https://files.pythonhosted.org/packages/f1/d9/7fb5aa316bc299258e68c73ba3bddbc499654a07f151cba08f6153988714/pathspec-1.1.1-py3-none-any.whl", hash = "sha256:a00ce642f577bf7f473932318056212bc4f8bfdf53128c78bbd5af0b9b20b189", size = 57328, upload-time = "2026-04-27T01:46:07.06Z" },
]

[[package]]
name = "pep8-naming"
version = "0.15.1"
source = { registry = "https://pypi.org/simple" }
dependencies = [
    { name = "flake8" },
]
sdist = { url = "https://files.pythonhosted.org/packages/8d/59/c32862134635ba231d45f1711035550dc38246396c27269a4cde4bfe18d2/pep8_naming-0.15.1.tar.gz", hash = "sha256:f6f4a499aba2deeda93c1f26ccc02f3da32b035c8b2db9696b730ef2c9639d29", size = 17640, upload-time = "2025-05-05T20:43:12.555Z" }
wheels = [
    { url = "https://files.pythonhosted.org/packages/a6/78/25281540f1121acaa78926f599a17ce102b8971bc20b096fa7fb6b5b59c1/pep8_naming-0.15.1-py3-none-any.whl", hash = "sha256:eb63925e7fd9e028c7f7ee7b1e413ec03d1ee5de0e627012102ee0222c273c86", size = 9561, upload-time = "2025-05-05T20:43:11.626Z" },
]

[[package]]
name = "platformdirs"
version = "4.9.6"
source = { registry = "https://pypi.org/simple" }
sdist = { url = "https://files.pythonhosted.org/packages/9f/4a/0883b8e3802965322523f0b200ecf33d31f10991d0401162f4b23c698b42/platformdirs-4.9.6.tar.gz", hash = "sha256:3bfa75b0ad0db84096ae777218481852c0ebc6c727b3168c1b9e0118e458cf0a", size = 29400, upload-time = "2026-04-09T00:04:10.812Z" }
wheels = [
    { url = "https://files.pythonhosted.org/packages/75/a6/a0a304dc33b49145b21f4808d763822111e67d1c3a32b524a1baf947b6e1/platformdirs-4.9.6-py3-none-any.whl", hash = "sha256:e61adb1d5e5cb3441b4b7710bea7e4c12250ca49439228cc1021c00dcfac0917", size = 21348, upload-time = "2026-04-09T00:04:09.463Z" },
]

[[package]]
name = "prek"
version = "0.3.13"
source = { registry = "https://pypi.org/simple" }
sdist = { url = "https://files.pythonhosted.org/packages/3c/59/0a279983f96bd5d538b4975f0a23121082aa3b8560b6649fdf61f8011b07/prek-0.3.13.tar.gz", hash = "sha256:c48586ee3708bfbf3df80121f55583e9a7d0fa166b08172c091fe5971e92a0ac", size = 444848, upload-time = "2026-05-05T18:07:09.076Z" }
wheels = [
    { url = "https://files.pythonhosted.org/packages/bc/6a/9baa2bda21dccc2927e952416f6cc23a75eb99c9ed18837164ac2e4a5640/prek-0.3.13-py3-none-linux_armv6l.whl", hash = "sha256:b00d38f01235073c35aa5f48df57fefef45a6cec2ae0884d750345a2c7220370", size = 5506622, upload-time = "2026-05-05T18:06:53.091Z" },
    { url = "https://files.pythonhosted.org/packages/56/77/d44b5d9bdca0879b865f8e47bf84cf5dc9e8b358d029e6d9b83d8809c116/prek-0.3.13-py3-none-macosx_10_12_x86_64.whl", hash = "sha256:0d89ac712c60e34d1550a606ad5fdfb8ad71d44ced8afa2fa5cbc106be4abd9e", size = 5878743, upload-time = "2026-05-05T18:07:23.164Z" },
    { url = "https://files.pythonhosted.org/packages/08/cf/19e8525cde8b3aa12858aca434d1fa653ef3b152da5af11eafc857634dc2/prek-0.3.13-py3-none-macosx_11_0_arm64.whl", hash = "sha256:f9b5265863d18b5be4ea094fdce4fd6ca61a8c89a70ee3d8ee153b3e0ed6b272", size = 5434909, upload-time = "2026-05-05T18:07:25.276Z" },
    { url = "https://files.pythonhosted.org/packages/7a/9a/e5f97194782de4dab622ce09dafb3ebdd2ee4d354a83ac4def7ebeee236c/prek-0.3.13-py3-none-manylinux_2_17_aarch64.manylinux2014_aarch64.musllinux_1_1_aarch64.whl", hash = "sha256:64b59a1550780af2bba37297c704b17f81d8e9df6288af1fab4017938e33b1db", size = 5697536, upload-time = "2026-05-05T18:07:05.475Z" },
    { url = "https://files.pythonhosted.org/packages/c4/8c/e1f548ffc4b227e4c2b5a9b30f5978a7e0e6dad51305b97a2ba5b2a923e7/prek-0.3.13-py3-none-manylinux_2_17_armv7l.manylinux2014_armv7l.whl", hash = "sha256:9ce6cd8f114ba9bbdbe97422103fd886101949b1c42e588a7543c4436ead2020", size = 5428160, upload-time = "2026-05-05T18:07:01.489Z" },
    { url = "https://files.pythonhosted.org/packages/8a/44/abd919b00905a32d21dca2cec32c707860cf217da2431b62dd52684b310e/prek-0.3.13-py3-none-manylinux_2_17_i686.manylinux2014_i686.whl", hash = "sha256:cc03e924a24d8d961f56195853c8b206cb196be6db4ad8312125dae847d718ac", size = 5827275, upload-time = "2026-05-05T18:07:17.437Z" },
    { url = "https://files.pythonhosted.org/packages/af/ed/cafd2b80d58a83faf8371c6543bd1475a2224242a3294da7f8582f6aa551/prek-0.3.13-py3-none-manylinux_2_17_s390x.manylinux2014_s390x.whl", hash = "sha256:7ca8c526a23873177fb3b92013500b08ef5f8bedc7263f9f3a44dd2f49645a26", size = 6710293, upload-time = "2026-05-05T18:07:10.663Z" },
    { url = "https://files.pythonhosted.org/packages/35/09/52a4a27596b764173a34d74db09356b30faaacb4a1075b75adbc036a0008/prek-0.3.13-py3-none-manylinux_2_17_x86_64.manylinux2014_x86_64.whl", hash = "sha256:a5bbb175478438a871e3281d2c3c3f067288af73ad81707a9bdebfd769766c7d", size = 6096556, upload-time = "2026-05-05T18:07:19.46Z" },
    { url = "https://files.pythonhosted.org/packages/63/60/80f61729ce6498815d46d5580cf76da2c157c9b6494046183682441a0ea3/prek-0.3.13-py3-none-manylinux_2_28_aarch64.whl", hash = "sha256:a65327a014d838341af757dfc05a706d10e8e33f039bc32bb3dbe2fa21c440c0", size = 5693267, upload-time = "2026-05-05T18:07:03.66Z" },
    { url = "https://files.pythonhosted.org/packages/36/9d/c7a663fe70676ffab2e0c6c9a71997a3ccd002ed5bc60b7422a937911af0/prek-0.3.13-py3-none-manylinux_2_31_riscv64.whl", hash = "sha256:b6a200843a36a5b0c41764ce7639ccb3471d48b097f1c5e3fc8f034219b42626", size = 5532865, upload-time = "2026-05-05T18:07:15.237Z" },
    { url = "https://files.pythonhosted.org/packages/32/68/506ef5a235536030e16f61e7210474554f6e05f845f27df5877d2dbb1a06/prek-0.3.13-py3-none-musllinux_1_1_armv7l.whl", hash = "sha256:bdacaad8f35f343e063d251211fe34db1de9e5cc591795361ad69a6485202258", size = 5395951, upload-time = "2026-05-05T18:06:55.183Z" },
    { url = "https://files.pythonhosted.org/packages/3e/00/22d7c6db7f43b58f7d015913c12660c9bbc82751cff6cfd8c31993cf30eb/prek-0.3.13-py3-none-musllinux_1_1_i686.whl", hash = "sha256:f00328f1c520d8fefb910ab0d3c6764ee330d227952baa19b7e3de7242bd8b3b", size = 5681195, upload-time = "2026-05-05T18:07:12.804Z" },
    { url = "https://files.pythonhosted.org/packages/10/e3/fdf9882238796914ddaf11381a9083b374980156200a953324f6c795f34d/prek-0.3.13-py3-none-musllinux_1_1_x86_64.whl", hash = "sha256:e5530a867bcf5b172b7513a64e71b06a337d1d184696227ae953845867376b8d", size = 6212085, upload-time = "2026-05-05T18:07:07.213Z" },
    { url = "https://files.pythonhosted.org/packages/ca/1d/528759931344b5c7103085798f5fa2e86d27d9410b753a6bcbe7726aa8ba/prek-0.3.13-py3-none-win32.whl", hash = "sha256:326fac2bdce00074ce6c5046b861d310638aee2b9de1ed241ba7eb32bdc83898", size = 5199566, upload-time = "2026-05-05T18:07:21.416Z" },
    { url = "https://files.pythonhosted.org/packages/6b/d0/8715ee837c73314a02767d20652cc312d1b6ff6733fa00f52de2b648bc3a/prek-0.3.13-py3-none-win_amd64.whl", hash = "sha256:841049f89f5ec9f4035299283d11e566ac5a068e3742ead1055ea04f886831fc", size = 5589599, upload-time = "2026-05-05T18:06:57.28Z" },
    { url = "https://files.pythonhosted.org/packages/ff/cf/0af0b15be0ebd82f7e50adee149b05a73533d78cb1b97cb889f0647ebffe/prek-0.3.13-py3-none-win_arm64.whl", hash = "sha256:a9fd74e0aec550c6b8d41076fdcdd6ff121cd7d94d743c1338bd794784e3c775", size = 5419029, upload-time = "2026-05-05T18:06:59.645Z" },
]

[[package]]
name = "pycodestyle"
version = "2.14.0"
source = { registry = "https://pypi.org/simple" }
sdist = { url = "https://files.pythonhosted.org/packages/11/e0/abfd2a0d2efe47670df87f3e3a0e2edda42f055053c85361f19c0e2c1ca8/pycodestyle-2.14.0.tar.gz", hash = "sha256:c4b5b517d278089ff9d0abdec919cd97262a3367449ea1c8b49b91529167b783", size = 39472, upload-time = "2025-06-20T18:49:48.75Z" }
wheels = [
    { url = "https://files.pythonhosted.org/packages/d7/27/a58ddaf8c588a3ef080db9d0b7e0b97215cee3a45df74f3a94dbbf5c893a/pycodestyle-2.14.0-py2.py3-none-any.whl", hash = "sha256:dd6bf7cb4ee77f8e016f9c8e74a35ddd9f67e1d5fd4184d86c3b98e07099f42d", size = 31594, upload-time = "2025-06-20T18:49:47.491Z" },
]

[[package]]
name = "pyflakes"
version = "3.4.0"
source = { registry = "https://pypi.org/simple" }
sdist = { url = "https://files.pythonhosted.org/packages/45/dc/fd034dc20b4b264b3d015808458391acbf9df40b1e54750ef175d39180b1/pyflakes-3.4.0.tar.gz", hash = "sha256:b24f96fafb7d2ab0ec5075b7350b3d2d2218eab42003821c06344973d3ea2f58", size = 64669, upload-time = "2025-06-20T18:45:27.834Z" }
wheels = [
    { url = "https://files.pythonhosted.org/packages/c2/2f/81d580a0fb83baeb066698975cb14a618bdbed7720678566f1b046a95fe8/pyflakes-3.4.0-py2.py3-none-any.whl", hash = "sha256:f742a7dbd0d9cb9ea41e9a24a918996e8170c799fa528688d40dd582c8265f4f", size = 63551, upload-time = "2025-06-20T18:45:26.937Z" },
]

[[package]]
name = "pytokens"
version = "0.4.1"
source = { registry = "https://pypi.org/simple" }
sdist = { url = "https://files.pythonhosted.org/packages/b6/34/b4e015b99031667a7b960f888889c5bd34ef585c85e1cb56a594b92836ac/pytokens-0.4.1.tar.gz", hash = "sha256:292052fe80923aae2260c073f822ceba21f3872ced9a68bb7953b348e561179a", size = 23015, upload-time = "2026-01-30T01:03:45.924Z" }
wheels = [
    { url = "https://files.pythonhosted.org/packages/8f/a7/b470f672e6fc5fee0a01d9e75005a0e617e162381974213a945fcd274843/pytokens-0.4.1-cp314-cp314-macosx_11_0_arm64.whl", hash = "sha256:4a14d5f5fc78ce85e426aa159489e2d5961acf0e47575e08f35584009178e321", size = 160821, upload-time = "2026-01-30T01:03:19.684Z" },
    { url = "https://files.pythonhosted.org/packages/80/98/e83a36fe8d170c911f864bfded690d2542bfcfacb9c649d11a9e6eb9dc41/pytokens-0.4.1-cp314-cp314-manylinux2014_aarch64.manylinux_2_17_aarch64.manylinux_2_28_aarch64.whl", hash = "sha256:97f50fd18543be72da51dd505e2ed20d2228c74e0464e4262e4899797803d7fa", size = 254263, upload-time = "2026-01-30T01:03:20.834Z" },
    { url = "https://files.pythonhosted.org/packages/0f/95/70d7041273890f9f97a24234c00b746e8da86df462620194cef1d411ddeb/pytokens-0.4.1-cp314-cp314-manylinux2014_x86_64.manylinux_2_17_x86_64.manylinux_2_28_x86_64.whl", hash = "sha256:dc74c035f9bfca0255c1af77ddd2d6ae8419012805453e4b0e7513e17904545d", size = 268071, upload-time = "2026-01-30T01:03:21.888Z" },
    { url = "https://files.pythonhosted.org/packages/da/79/76e6d09ae19c99404656d7db9c35dfd20f2086f3eb6ecb496b5b31163bad/pytokens-0.4.1-cp314-cp314-musllinux_1_2_x86_64.whl", hash = "sha256:f66a6bbe741bd431f6d741e617e0f39ec7257ca1f89089593479347cc4d13324", size = 271716, upload-time = "2026-01-30T01:03:23.633Z" },
    { url = "https://files.pythonhosted.org/packages/79/37/482e55fa1602e0a7ff012661d8c946bafdc05e480ea5a32f4f7e336d4aa9/pytokens-0.4.1-cp314-cp314-win_amd64.whl", hash = "sha256:b35d7e5ad269804f6697727702da3c517bb8a5228afa450ab0fa787732055fc9", size = 104539, upload-time = "2026-01-30T01:03:24.788Z" },
    { url = "https://files.pythonhosted.org/packages/30/e8/20e7db907c23f3d63b0be3b8a4fd1927f6da2395f5bcc7f72242bb963dfe/pytokens-0.4.1-cp314-cp314t-macosx_11_0_arm64.whl", hash = "sha256:8fcb9ba3709ff77e77f1c7022ff11d13553f3c30299a9fe246a166903e9091eb", size = 168474, upload-time = "2026-01-30T01:03:26.428Z" },
    { url = "https://files.pythonhosted.org/packages/d6/81/88a95ee9fafdd8f5f3452107748fd04c24930d500b9aba9738f3ade642cc/pytokens-0.4.1-cp314-cp314t-manylinux2014_aarch64.manylinux_2_17_aarch64.manylinux_2_28_aarch64.whl", hash = "sha256:79fc6b8699564e1f9b521582c35435f1bd32dd06822322ec44afdeba666d8cb3", size = 290473, upload-time = "2026-01-30T01:03:27.415Z" },
    { url = "https://files.pythonhosted.org/packages/cf/35/3aa899645e29b6375b4aed9f8d21df219e7c958c4c186b465e42ee0a06bf/pytokens-0.4.1-cp314-cp314t-manylinux2014_x86_64.manylinux_2_17_x86_64.manylinux_2_28_x86_64.whl", hash = "sha256:d31b97b3de0f61571a124a00ffe9a81fb9939146c122c11060725bd5aea79975", size = 303485, upload-time = "2026-01-30T01:03:28.558Z" },
    { url = "https://files.pythonhosted.org/packages/52/a0/07907b6ff512674d9b201859f7d212298c44933633c946703a20c25e9d81/pytokens-0.4.1-cp314-cp314t-musllinux_1_2_x86_64.whl", hash = "sha256:967cf6e3fd4adf7de8fc73cd3043754ae79c36475c1c11d514fc72cf5490094a", size = 306698, upload-time = "2026-01-30T01:03:29.653Z" },
    { url = "https://files.pythonhosted.org/packages/39/2a/cbbf9250020a4a8dd53ba83a46c097b69e5eb49dd14e708f496f548c6612/pytokens-0.4.1-cp314-cp314t-win_amd64.whl", hash = "sha256:584c80c24b078eec1e227079d56dc22ff755e0ba8654d8383b2c549107528918", size = 116287, upload-time = "2026-01-30T01:03:30.912Z" },
    { url = "https://files.pythonhosted.org/packages/c6/78/397db326746f0a342855b81216ae1f0a32965deccfd7c830a2dbc66d2483/pytokens-0.4.1-py3-none-any.whl", hash = "sha256:26cef14744a8385f35d0e095dc8b3a7583f6c953c2e3d269c7f82484bf5ad2de", size = 13729, upload-time = "2026-01-30T01:03:45.029Z" },
]

[[package]]
name = "typing-extensions"
version = "4.15.0"
source = { registry = "https://pypi.org/simple" }
sdist = { url = "https://files.pythonhosted.org/packages/72/94/1a15dd82efb362ac84269196e94cf00f187f7ed21c242792a923cdb1c61f/typing_extensions-4.15.0.tar.gz", hash = "sha256:0cea48d173cc12fa28ecabc3b837ea3cf6f38c6d1136f85cbaaf598984861466", size = 109391, upload-time = "2025-08-25T13:49:26.313Z" }
wheels = [
    { url = "https://files.pythonhosted.org/packages/18/67/36e9267722cc04a6b9f15c7f3441c2363321a3ea07da7ae0c0707beb2a9c/typing_extensions-4.15.0-py3-none-any.whl", hash = "sha256:f0fa19c6845758ab08074a0cfa8b7aecb71c999ca73d62883bc25cc018c4e548", size = 44614, upload-time = "2025-08-25T13:49:24.86Z" },
]

[[package]]
name = "uv"
version = "0.11.11"
source = { registry = "https://pypi.org/simple" }
sdist = { url = "https://files.pythonhosted.org/packages/ba/02/69a3b06fd8a91f95b79e95e14f5ccdd4df0f124c381aefe9d1e2784d5a65/uv-0.11.11.tar.gz", hash = "sha256:2ba46a912a1775957c579a1a42c8c8b480418502326b72427b1cad972c8f659f", size = 4112827, upload-time = "2026-05-06T20:04:47.982Z" }
wheels = [
    { url = "https://files.pythonhosted.org/packages/6c/54/39d3c58de992767834120fe3735b85cc60dd00a69b377c3d947ca6f172a1/uv-0.11.11-py3-none-linux_armv6l.whl", hash = "sha256:4977a1193e5dc9c2934b9f97d6cf787382f80deae17646640ee583cfc61486c0", size = 23537936, upload-time = "2026-05-06T20:04:58.626Z" },
    { url = "https://files.pythonhosted.org/packages/de/c9/d2d7ca30abf4c2d5ae0d9360a1e154115af176308ef1ecdc8bf7af724cf8/uv-0.11.11-py3-none-macosx_10_12_x86_64.whl", hash = "sha256:92817f276758e41b4160fcb6d457ebd9f228f0473efe3808891164f326fdea38", size = 23068282, upload-time = "2026-05-06T20:05:01.466Z" },
    { url = "https://files.pythonhosted.org/packages/fa/37/f64decba47d7afaace3f238aa4a416dca947bd0a1a9b534c3a0f179e1016/uv-0.11.11-py3-none-macosx_11_0_arm64.whl", hash = "sha256:6eec6ad051e6e5d922cd547b9f7b09a7f821597ae01900a6f01b0a01317e5fd0", size = 21671522, upload-time = "2026-05-06T20:05:04.382Z" },
    { url = "https://files.pythonhosted.org/packages/93/a6/c129878d7c2a66ffdaa12dc253d3135c5e10fc5b5e15812791e188c6dbec/uv-0.11.11-py3-none-manylinux_2_17_aarch64.manylinux2014_aarch64.musllinux_1_1_aarch64.whl", hash = "sha256:1d227bb53b701e533f0aa074dd145a6fa31492dc7d6d57a6e72a700b9a4a1991", size = 23283200, upload-time = "2026-05-06T20:04:39.879Z" },
    { url = "https://files.pythonhosted.org/packages/8f/c2/cff1f9ab7eda3d863e9866fca0e14df37c0fd734b66ebb77d751258b2fae/uv-0.11.11-py3-none-manylinux_2_17_armv7l.manylinux2014_armv7l.musllinux_1_1_armv7l.whl", hash = "sha256:05ee9f18701692fcb22db98085c041a3be7a35b88c710dea4487c293f42a4b95", size = 23081561, upload-time = "2026-05-06T20:05:07.149Z" },
    { url = "https://files.pythonhosted.org/packages/ca/44/ebd02ca8fae5961d1bcbcee11019dd170dd0d42517afad753281335700cc/uv-0.11.11-py3-none-manylinux_2_17_armv7l.manylinux2014_armv7l.whl", hash = "sha256:0632af539d6a1ee00f58da9e7db32fd99e12187aa67426cb90d871154ab5debb", size = 23105780, upload-time = "2026-05-06T20:04:50.107Z" },
    { url = "https://files.pythonhosted.org/packages/86/f7/0741abcd70591a65f85fc4e8fecd3fb3fb4bdfe50042cccf016714955fd9/uv-0.11.11-py3-none-manylinux_2_17_i686.manylinux2014_i686.whl", hash = "sha256:cb3f2715551d2fc9ef44b6cf0918fcc556cd99e9bf6caa1d8a870a4657d2b180", size = 24542681, upload-time = "2026-05-06T20:04:53.014Z" },
    { url = "https://files.pythonhosted.org/packages/b1/42/46e7e35f1f39e39d4bf0f712479768cf8d33eb7f35b67fceaea43e975dfd/uv-0.11.11-py3-none-manylinux_2_17_ppc64le.manylinux2014_ppc64le.whl", hash = "sha256:c86bd6460579857d7e359bdbfe6f688076c654481ae933151d1449f9ea672fb6", size = 25459284, upload-time = "2026-05-06T20:04:34.168Z" },
    { url = "https://files.pythonhosted.org/packages/e8/fc/efdb16e1a6c619b021259ac8d8e4b6afd97efb446054ea28761eb2e1a177/uv-0.11.11-py3-none-manylinux_2_17_s390x.manylinux2014_s390x.whl", hash = "sha256:0f69f4df007c7506db8d7f77ccabd466a886ac21e9b04a479dd0cd22e26d2262", size = 24560769, upload-time = "2026-05-06T20:04:42.648Z" },
    { url = "https://files.pythonhosted.org/packages/4c/f8/a5d5bac297b1379719050788c6b852c6b3eefcb1e82d8465ed22c10cede7/uv-0.11.11-py3-none-manylinux_2_17_x86_64.manylinux2014_x86_64.whl", hash = "sha256:d5b9f31dab557b5ee4257d8c6ba2608a63c7278537cb0cd102cf6fc518e3fb5c", size = 24639659, upload-time = "2026-05-06T20:04:31.491Z" },
    { url = "https://files.pythonhosted.org/packages/ee/d5/f3be167a43192062f1409fd6b857a612665d331174293b4ffc73218872e1/uv-0.11.11-py3-none-manylinux_2_28_aarch64.whl", hash = "sha256:8e8faf2e5b3517155fd18e509b19b21135247d43b7fb9a8d61a44a53118d5ab7", size = 23388445, upload-time = "2026-05-06T20:04:25.199Z" },
    { url = "https://files.pythonhosted.org/packages/9f/cd/ef1f573ee8edd2beab9fcd2449121483829621b3b57f7ba3f35c56ef373b/uv-0.11.11-py3-none-manylinux_2_31_riscv64.musllinux_1_1_riscv64.whl", hash = "sha256:3f8c9a1bea743a3fe39e956455686f4d0dd25ef58e8d70dc11a45381fd7c50e5", size = 24114301, upload-time = "2026-05-06T20:04:28.586Z" },
    { url = "https://files.pythonhosted.org/packages/9d/be/9181158465719e875a6995c10af24e00cdefba3fe6c9c8cbb02d34b2ade7/uv-0.11.11-py3-none-manylinux_2_31_riscv64.whl", hash = "sha256:f68dc7b62050a26ac6b1491398aebbbf0fa5485627e73b1d626666a097dbab07", size = 24155126, upload-time = "2026-05-06T20:04:55.98Z" },
    { url = "https://files.pythonhosted.org/packages/71/9c/bb306f9964870847f02a931d1fff896726f8bafcf9ce917122ac1bfef14c/uv-0.11.11-py3-none-musllinux_1_1_i686.whl", hash = "sha256:29ddb0d9b24a30ff4360b94e3cb704e82cd5fda86dc224032251f33ab5ceb79e", size = 23824684, upload-time = "2026-05-06T20:05:10.305Z" },
    { url = "https://files.pythonhosted.org/packages/56/48/434a1cf4798ca200e0dcb36411ba38013edb6d3e1aeb4cd85e8a2d7db9ca/uv-0.11.11-py3-none-musllinux_1_1_x86_64.whl", hash = "sha256:505a31f2c30fa9e83b1853cab06c5b92e66341c914c6f20f3878903aa09a6f34", size = 24862560, upload-time = "2026-05-06T20:04:37.287Z" },
    { url = "https://files.pythonhosted.org/packages/63/3a/997cddf82917f084d486e1c268c7e94836190fd928c93aa3fb92caee9a7f/uv-0.11.11-py3-none-win32.whl", hash = "sha256:c1e0e3e18cc94680642eac3c3f19f2635c17dd058edcb41b78cbdc459f574eb4", size = 22573619, upload-time = "2026-05-06T20:04:45.35Z" },
    { url = "https://files.pythonhosted.org/packages/30/5f/db34b840f8d86833ef810de8150fc9ce01a03c779393e08eadbcc4c010d5/uv-0.11.11-py3-none-win_amd64.whl", hash = "sha256:36412b13f6287304789abdf40122d268cee548fce3573e07d148a29370181421", size = 25170135, upload-time = "2026-05-06T20:05:13.001Z" },
    { url = "https://files.pythonhosted.org/packages/2d/3e/f3ba2557b437ec5b1fde1e0d5248b723432dc90f09b0050f52695596fd2e/uv-0.11.11-py3-none-win_arm64.whl", hash = "sha256:011f42faf5d267a6681ea77e3f236f275cb4490efeecb9599de74dc7ad7df8f6", size = 23597162, upload-time = "2026-05-06T20:05:16.095Z" },
]
